github.com/izulhsr/go-say-hello v1.0.0 h1:oVM+Iu+FMnV6TbG8s6E4I1MFavXx13bB+ujDgpUXBFc=
github.com/izulhsr/go-say-hello v1.0.0/go.mod h1:iL6mqxo4DkV38IpCbrU9uckadb1ES+oAtIx9ooY2y3o=
github.com/izulhsr/go-say-hello v1.5.0 h1:qH4hujbbE8LI55EB2nyJ15AIHl/A9OHKRCehmMfSMGA=
github.com/izulhsr/go-say-hello v1.5.0/go.mod h1:iL6mqxo4DkV38IpCbrU9uckadb1ES+oAtIx9ooY2y3o=
github.com/izulhsr/go-say-hello/v2 v2.0.0 h1:yxrSE2UfA1TEXv6v4LUDVK9uDQb6PBgfqBZKS9+Dd1M=
github.com/izulhsr/go-say-hello/v2 v2.0.0/go.mod h1:o2JjbaxeOol9lRHOsFaetVZwIpXtS9sl3JUEQg4kqy4=
